// !$*UTF8*$!
{
	archiveVersion = 1;
	classes = {
	};
	objectVersion = 46;
	objects = {

/* Begin PBXBuildFile section */
		5A3764641D858C920048FEF1 /* SelectPayViewController.swift in Sources */ = {isa = PBXBuildFile; fileRef = 5A3764631D858C920048FEF1 /* SelectPayViewController.swift */; };
		5A3764661D858F210048FEF1 /* ReceiptViewController.swift in Sources */ = {isa = PBXBuildFile; fileRef = 5A3764651D858F210048FEF1 /* ReceiptViewController.swift */; };
		5ABDA8C81D85746F000D9CC4 /* AppDelegate.swift in Sources */ = {isa = PBXBuildFile; fileRef = 5ABDA8C71D85746F000D9CC4 /* AppDelegate.swift */; };
		5ABDA8CA1D85746F000D9CC4 /* ViewController.swift in Sources */ = {isa = PBXBuildFile; fileRef = 5ABDA8C91D85746F000D9CC4 /* ViewController.swift */; };
		5ABDA8CD1D85746F000D9CC4 /* Main.storyboard in Resources */ = {isa = PBXBuildFile; fileRef = 5ABDA8CB1D85746F000D9CC4 /* Main.storyboard */; };
		5ABDA8CF1D85746F000D9CC4 /* Assets.xcassets in Resources */ = {isa = PBXBuildFile; fileRef = 5ABDA8CE1D85746F000D9CC4 /* Assets.xcassets */; };
		5ABDA8D21D85746F000D9CC4 /* LaunchScreen.storyboard in Resources */ = {isa = PBXBuildFile; fileRef = 5ABDA8D01D85746F000D9CC4 /* LaunchScreen.storyboard */; };
		5ABDA8DA1D857C65000D9CC4 /* SecondViewController.swift in Sources */ = {isa = PBXBuildFile; fileRef = 5ABDA8D91D857C65000D9CC4 /* SecondViewController.swift */; };
		5ABDA8DC1D858201000D9CC4 /* EvenPayViewController.swift in Sources */ = {isa = PBXBuildFile; fileRef = 5ABDA8DB1D858201000D9CC4 /* EvenPayViewController.swift */; };
/* End PBXBuildFile section */

/* Begin PBXFileReference section */
		5A3764631D858C920048FEF1 /* SelectPayViewController.swift */ = {isa = PBXFileReference; fileEncoding = 4; lastKnownFileType = sourcecode.swift; path = SelectPayViewController.swift; sourceTree = "<group>"; };
		5A3764651D858F210048FEF1 /* ReceiptViewController.swift */ = {isa = PBXFileReference; fileEncoding = 4; lastKnownFileType = sourcecode.swift; path = ReceiptViewController.swift; sourceTree = "<group>"; };
		5ABDA8C41D85746F000D9CC4 /* Splitability.app */ = {isa = PBXFileReference; explicitFileType = wrapper.application; includeInIndex = 0; path = Splitability.app; sourceTree = BUILT_PRODUCTS_DIR; };
		5ABDA8C71D85746F000D9CC4 /* AppDelegate.swift */ = {isa = PBXFileReference; lastKnownFileType = sourcecode.swift; path = AppDelegate.swift; sourceTree = "<group>"; };
		5ABDA8C91D85746F000D9CC4 /* ViewController.swift */ = {isa = PBXFileReference; lastKnownFileType = sourcecode.swift; path = ViewController.swift; sourceTree = "<group>"; };
		5ABDA8CC1D85746F000D9CC4 /* Base */ = {isa = PBXFileReference; lastKnownFileType = file.storyboard; name = Base; path = Base.lproj/Main.storyboard; sourceTree = "<group>"; };
		5ABDA8CE1D85746F000D9CC4 /* Assets.xcassets */ = {isa = PBXFileReference; lastKnownFileType = folder.assetcatalog; path = Assets.xcassets; sourceTree = "<group>"; };
		5ABDA8D11D85746F000D9CC4 /* Base */ = {isa = PBXFileReference; lastKnownFileType = file.storyboard; name = Base; path = Base.lproj/LaunchScreen.storyboard; sourceTree = "<group>"; };
		5ABDA8D31D85746F000D9CC4 /* Info.plist */ = {isa = PBXFileReference; lastKnownFileType = text.plist.xml; path = Info.plist; sourceTree = "<group>"; };
		5ABDA8D91D857C65000D9CC4 /* SecondViewController.swift */ = {isa = PBXFileReference; fileEncoding = 4; lastKnownFileType = sourcecode.swift; path = SecondViewController.swift; sourceTree = "<group>"; };
		5ABDA8DB1D858201000D9CC4 /* EvenPayViewController.swift */ = {isa = PBXFileReference; fileEncoding = 4; lastKnownFileType = sourcecode.swift; path = EvenPayViewController.swift; sourceTree = "<group>"; };
/* End PBXFileReference section */

/* Begin PBXFrameworksBuildPhase section */
		5ABDA8C11D85746F000D9CC4 /* Frameworks */ = {
			isa = PBXFrameworksBuildPhase;
			buildActionMask = 2147483647;
			files = (
			);
			runOnlyForDeploymentPostprocessing = 0;
		};
/* End PBXFrameworksBuildPhase section */

/* Begin PBXGroup section */
		5ABDA8BB1D85746F000D9CC4 = {
			isa = PBXGroup;
			children = (
				5ABDA8C61D85746F000D9CC4 /* Splitability */,
				5ABDA8C51D85746F000D9CC4 /* Products */,
			);
			sourceTree = "<group>";
		};
		5ABDA8C51D85746F000D9CC4 /* Products */ = {
			isa = PBXGroup;
			children = (
				5ABDA8C41D85746F000D9CC4 /* Splitability.app */,
			);
			name = Products;
			sourceTree = "<group>";
		};
		5ABDA8C61D85746F000D9CC4 /* Splitability */ = {
			isa = PBXGroup;
			children = (
				5ABDA8C71D85746F000D9CC4 /* AppDelegate.swift */,
				5ABDA8C91D85746F000D9CC4 /* ViewController.swift */,
				5ABDA8CB1D85746F000D9CC4 /* Main.storyboard */,
				5ABDA8CE1D85746F000D9CC4 /* Assets.xcassets */,
				5ABDA8D01D85746F000D9CC4 /* LaunchScreen.storyboard */,
				5ABDA8D31D85746F000D9CC4 /* Info.plist */,
				5ABDA8D91D857C65000D9CC4 /* SecondViewController.swift */,
				5ABDA8DB1D858201000D9CC4 /* EvenPayViewController.swift */,
				5A3764631D858C920048FEF1 /* SelectPayViewController.swift */,
				5A3764651D858F210048FEF1 /* ReceiptViewController.swift */,
			);
			path = Splitability;
			sourceTree = "<group>";
		};
/* End PBXGroup section */

/* Begin PBXNativeTarget section */
		5ABDA8C31D85746F000D9CC4 /* Splitability */ = {
			isa = PBXNativeTarget;
			buildConfigurationList = 5ABDA8D61D85746F000D9CC4 /* Build configuration list for PBXNativeTarget "Splitability" */;
			buildPhases = (
				5ABDA8C01D85746F000D9CC4 /* Sources */,
				5ABDA8C11D85746F000D9CC4 /* Frameworks */,
				5ABDA8C21D85746F000D9CC4 /* Resources */,
			);
			buildRules = (
			);
			dependencies = (
			);
			name = Splitability;
			productName = Splitability;
			productReference = 5ABDA8C41D85746F000D9CC4 /* Splitability.app */;
			productType = "com.apple.product-type.application";
		};
/* End PBXNativeTarget section */

/* Begin PBXProject section */
		5ABDA8BC1D85746F000D9CC4 /* Project object */ = {
			isa = PBXProject;
			attributes = {
				LastSwiftUpdateCheck = 0720;
				LastUpgradeCheck = 0720;
				ORGANIZATIONNAME = shreyas;
				TargetAttributes = {
					5ABDA8C31D85746F000D9CC4 = {
						CreatedOnToolsVersion = 7.2.1;
						DevelopmentTeam = FX83V4UQRA;
					};
				};
			};
			buildConfigurationList = 5ABDA8BF1D85746F000D9CC4 /* Build configuration list for PBXProject "Splitability" */;
			compatibilityVersion = "Xcode 3.2";
			developmentRegion = English;
			hasScannedForEncodings = 0;
			knownRegions = (
				en,
				Base,
			);
			mainGroup = 5ABDA8BB1D85746F000D9CC4;
			productRefGroup = 5ABDA8C51D85746F000D9CC4 /* Products */;
			projectDirPath = "";
			projectRoot = "";
			targets = (
				5ABDA8C31D85746F000D9CC4 /* Splitability */,
			);
		};
/* End PBXProject section */

/* Begin PBXResourcesBuildPhase section */
		5ABDA8C21D85746F000D9CC4 /* Resources */ = {
			isa = PBXResourcesBuildPhase;
			buildActionMask = 2147483647;
			files = (
				5ABDA8D21D85746F000D9CC4 /* LaunchScreen.storyboard in Resources */,
				5ABDA8CF1D85746F000D9CC4 /* Assets.xcassets in Resources */,
				5ABDA8CD1D85746F000D9CC4 /* Main.storyboard in Resources */,
			);
			runOnlyForDeploymentPostprocessing = 0;
		};
/* End PBXResourcesBuildPhase section */

/* Begin PBXSourcesBuildPhase section */
		5ABDA8C01D85746F000D9CC4 /* Sources */ = {
			isa = PBXSourcesBuildPhase;
			buildActionMask = 2147483647;
			files = (
				5ABDA8DA1D857C65000D9CC4 /* SecondViewController.swift in Sources */,
				5ABDA8DC1D858201000D9CC4 /* EvenPayViewController.swift in Sources */,
				5A3764641D858C920048FEF1 /* SelectPayViewController.swift in Sources */,
				5A3764661D858F210048FEF1 /* ReceiptViewController.swift in Sources */,
				5ABDA8CA1D85746F000D9CC4 /* ViewController.swift in Sources */,
				5ABDA8C81D85746F000D9CC4 /* AppDelegate.swift in Sources */,
			);
			runOnlyForDeploymentPostprocessing = 0;
		};
/* End PBXSourcesBuildPhase section */

/* Begin PBXVariantGroup section */
		5ABDA8CB1D85746F000D9CC4 /* Main.storyboard */ = {
			isa = PBXVariantGroup;
			children = (
				5ABDA8CC1D85746F000D9CC4 /* Base */,
			);
			name = Main.storyboard;
			sourceTree = "<group>";
		};
		5ABDA8D01D85746F000D9CC4 /* LaunchScreen.storyboard */ = {
			isa = PBXVariantGroup;
			children = (
				5ABDA8D11D85746F000D9CC4 /* Base */,
			);
			name = LaunchScreen.storyboard;
			sourceTree = "<group>";
		};
/* End PBXVariantGroup section */

/* Begin XCBuildConfiguration section */
		5ABDA8D41D85746F000D9CC4 /* Debug */ = {
			isa = XCBuildConfiguration;
			buildSettings = {
				ALWAYS_SEARCH_USER_PATHS = NO;
				CLANG_CXX_LANGUAGE_STANDARD = "gnu++0x";
				CLANG_CXX_LIBRARY = "libc++";
				CLANG_ENABLE_MODULES = YES;
				CLANG_ENABLE_OBJC_ARC = YES;
				CLANG_WARN_BOOL_CONVERSION = YES;
				CLANG_WARN_CONSTANT_CONVERSION = YES;
				CLANG_WARN_DIRECT_OBJC_ISA_USAGE = YES_ERROR;
				CLANG_WARN_EMPTY_BODY = YES;
				CLANG_WARN_ENUM_CONVERSION = YES;
				CLANG_WARN_INT_CONVERSION = YES;
				CLANG_WARN_OBJC_ROOT_CLASS = YES_ERROR;
				CLANG_WARN_UNREACHABLE_CODE = YES;
				CLANG_WARN__DUPLICATE_METHOD_MATCH = YES;
				"CODE_SIGN_IDENTITY[sdk=iphoneos*]" = "iPhone Developer";
				COPY_PHASE_STRIP = NO;
				DEBUG_INFORMATION_FORMAT = dwarf;
				ENABLE_STRICT_OBJC_MSGSEND = YES;
				ENABLE_TESTABILITY = YES;
				GCC_C_LANGUAGE_STANDARD = gnu99;
				GCC_DYNAMIC_NO_PIC = NO;
				GCC_NO_COMMON_BLOCKS = YES;
				GCC_OPTIMIZATION_LEVEL = 0;
				GCC_PREPROCESSOR_DEFINITIONS = (
					"DEBUG=1",
					"$(inherited)",
				);
				GCC_WARN_64_TO_32_BIT_CONVERSION = YES;
				GCC_WARN_ABOUT_RETURN_TYPE = YES_ERROR;
				GCC_WARN_UNDECLARED_SELECTOR = YES;
				GCC_WARN_UNINITIALIZED_AUTOS = YES_AGGRESSIVE;
				GCC_WARN_UNUSED_FUNCTION = YES;
				GCC_WARN_UNUSED_VARIABLE = YES;
				IPHONEOS_DEPLOYMENT_TARGET = 9.2;
				MTL_ENABLE_DEBUG_INFO = YES;
				ONLY_ACTIVE_ARCH = YES;
				SDKROOT = iphoneos;
				SWIFT_OPTIMIZATION_LEVEL = "-Onone";
				TARGETED_DEVICE_FAMILY = "1,2";
			};
			name = Debug;
		};
		5ABDA8D51D85746F000D9CC4 /* Release */ = {
			isa = XCBuildConfiguration;
			buildSettings = {
				ALWAYS_SEARCH_USER_PATHS = NO;
				CLANG_CXX_LANGUAGE_STANDARD = "gnu++0x";
				CLANG_CXX_LIBRARY = "libc++";
				CLANG_ENABLE_MODULES = YES;
				CLANG_ENABLE_OBJC_ARC = YES;
				CLANG_WARN_BOOL_CONVERSION = YES;
				CLANG_WARN_CONSTANT_CONVERSION = YES;
				CLANG_WARN_DIRECT_OBJC_ISA_USAGE = YES_ERROR;
				CLANG_WARN_EMPTY_BODY = YES;
				CLANG_WARN_ENUM_CONVERSION = YES;
				CLANG_WARN_INT_CONVERSION = YES;
				CLANG_WARN_OBJC_ROOT_CLASS = YES_ERROR;
				CLANG_WARN_UNREACHABLE_CODE = YES;
				CLANG_WARN__DUPLICATE_METHOD_MATCH = YES;
				"CODE_SIGN_IDENTITY[sdk=iphoneos*]" = "iPhone Developer";
				COPY_PHASE_STRIP = NO;
				DEBUG_INFORMATION_FORMAT = "dwarf-with-dsym";
				ENABLE_NS_ASSERTIONS = NO;
				ENABLE_STRICT_OBJC_MSGSEND = YES;
				GCC_C_LANGUAGE_STANDARD = gnu99;
				GCC_NO_COMMON_BLOCKS = YES;
				GCC_WARN_64_TO_32_BIT_CONVERSION = YES;
				GCC_WARN_ABOUT_RETURN_TYPE = YES_ERROR;
				GCC_WARN_UNDECLARED_SELECTOR = YES;
				GCC_WARN_UNINITIALIZED_AUTOS = YES_AGGRESSIVE;
				GCC_WARN_UNUSED_FUNCTION = YES;
				GCC_WARN_UNUSED_VARIABLE = YES;
				IPHONEOS_DEPLOYMENT_TARGET = 9.2;
				MTL_ENABLE_DEBUG_INFO = NO;
				SDKROOT = iphoneos;
				TARGETED_DEVICE_FAMILY = "1,2";
				VALIDATE_PRODUCT = YES;
			};
			name = Release;
		};
		5ABDA8D71D85746F000D9CC4 /* Debug */ = {
			isa = XCBuildConfiguration;
			buildSettings = {
				ASSETCATALOG_COMPILER_APPICON_NAME = AppIcon;
				INFOPLIST_FILE = Splitability/Info.plist;
				LD_RUNPATH_SEARCH_PATHS = "$(inherited) @executable_path/Frameworks";
				PRODUCT_BUNDLE_IDENTIFIER = com.shreyasprasanna.Splitability;
				PRODUCT_NAME = "$(TARGET_NAME)";
			};
			name = Debug;
		};
		5ABDA8D81D85746F000D9CC4 /* Release */ = {
			isa = XCBuildConfiguration;
			buildSettings = {
				ASSETCATALOG_COMPILER_APPICON_NAME = AppIcon;
				INFOPLIST_FILE = Splitability/Info.plist;
				LD_RUNPATH_SEARCH_PATHS = "$(inherited) @executable_path/Frameworks";
				PRODUCT_BUNDLE_IDENTIFIER = com.shreyasprasanna.Splitability;
				PRODUCT_NAME = "$(TARGET_NAME)";
			};
			name = Release;
		};
/* End XCBuildConfiguration section */

/* Begin XCConfigurationList section */
		5ABDA8BF1D85746F000D9CC4 /* Build configuration list for PBXProject "Splitability" */ = {
			isa = XCConfigurationList;
			buildConfigurations = (
				5ABDA8D41D85746F000D9CC4 /* Debug */,
				5ABDA8D51D85746F000D9CC4 /* Release */,
			);
			defaultConfigurationIsVisible = 0;
			defaultConfigurationName = Release;
		};
		5ABDA8D61D85746F000D9CC4 /* Build configuration list for PBXNativeTarget "Splitability" */ = {
			isa = XCConfigurationList;
			buildConfigurations = (
				5ABDA8D71D85746F000D9CC4 /* Debug */,
				5ABDA8D81D85746F000D9CC4 /* Release */,
			);
			defaultConfigurationIsVisible = 0;
			defaultConfigurationName = Release;
		};
/* End XCConfigurationList section */
	};
	rootObject = 5ABDA8BC1D85746F000D9CC4 /* Project object */;
}
